
Microsoft Visual Studio Solution File, Format Version 12.00
# Visual Studio Version 17
VisualStudioVersion = 17.0.32126.317
MinimumVisualStudioVersion = 10.0.40219.1
Project("{FAE04EC0-301F-11D3-BF4B-00C04F79EFBC}") = "Lab_2", "Lab_2\Lab_2.csproj", "{40BCB382-5697-4F79-94BC-9A13695598D2}"
EndProject
Global
	GlobalSection(SolutionConfigurationPlatforms) = preSolution
		Debug|Any CPU = Debug|Any CPU
		Release|Any CPU = Release|Any CPU
	EndGlobalSection
	GlobalSection(ProjectConfigurationPlatforms) = postSolution
		{40BCB382-5697-4F79-94BC-9A13695598D2}.Debug|Any CPU.ActiveCfg = Debug|Any CPU
		{40BCB382-5697-4F79-94BC-9A13695598D2}.Debug|Any CPU.Build.0 = Debug|Any CPU
		{40BCB382-5697-4F79-94BC-9A13695598D2}.Release|Any CPU.ActiveCfg = Release|Any CPU
		{40BCB382-5697-4F79-94BC-9A13695598D2}.Release|Any CPU.Build.0 = Release|Any CPU
	EndGlobalSection
	GlobalSection(SolutionProperties) = preSolution
		HideSolutionNode = FALSE
	EndGlobalSection
	GlobalSection(ExtensibilityGlobals) = postSolution
		SolutionGuid = {6DF739B7-EA44-4B29-88CE-47CB521B34FE}
	EndGlobalSection
EndGlobal
